
Microsoft Visual Studio Solution File, Format Version 12.00
# Visual Studio 15
VisualStudioVersion = 15.0.28307.572
MinimumVisualStudioVersion = 10.0.40219.1
Project("{FAE04EC0-301F-11D3-BF4B-00C04F79EFBC}") = "Intersight.PowerShell", "Intersight.PowerShell\Intersight.PowerShell.csproj", "{AC657F99-61CA-4DB2-9AD0-FB2A0A97D39B}"
EndProject
Project("{951E3E32-4DFA-4091-81DB-4100C2CAB9BE}") = "Intersight.PowerShellTest", "Intersight.PowerShellTest\Intersight.PowerShellTest.csproj", "{7A47A690-0082-435C-B099-04B773D7A651}"
EndProject
Global
	GlobalSection(SolutionConfigurationPlatforms) = preSolution
		Debug|Any CPU = Debug|Any CPU
		Release|Any CPU = Release|Any CPU
	EndGlobalSection
	GlobalSection(ProjectConfigurationPlatforms) = postSolution
		{AC657F99-61CA-4DB2-9AD0-FB2A0A97D39B}.Debug|Any CPU.ActiveCfg = Debug|Any CPU
		{AC657F99-61CA-4DB2-9AD0-FB2A0A97D39B}.Debug|Any CPU.Build.0 = Debug|Any CPU
		{AC657F99-61CA-4DB2-9AD0-FB2A0A97D39B}.Release|Any CPU.ActiveCfg = Release|Any CPU
		{AC657F99-61CA-4DB2-9AD0-FB2A0A97D39B}.Release|Any CPU.Build.0 = Release|Any CPU
	EndGlobalSection
	GlobalSection(SolutionProperties) = preSolution
		HideSolutionNode = FALSE
	EndGlobalSection
	GlobalSection(ExtensibilityGlobals) = postSolution
		SolutionGuid = {B5E83A23-228F-4EC5-965C-7D2A3063A5E6}
	EndGlobalSection
EndGlobal