
Microsoft Visual Studio Solution File, Format Version 12.00
# Visual Studio 15
VisualStudioVersion = 15.0.28307.572
MinimumVisualStudioVersion = 10.0.40219.1
Project("{FAE04EC0-301F-11D3-BF4B-00C04F79EFBC}") = "Intersight.PowerShell", "Intersight.PowerShell.csproj", "{27466095-F2CD-4914-A95A-F8B2D23E3230}"
EndProject
Global
	GlobalSection(SolutionConfigurationPlatforms) = preSolution
		Debug|Any CPU = Debug|Any CPU
		Release|Any CPU = Release|Any CPU
	EndGlobalSection
	GlobalSection(ProjectConfigurationPlatforms) = postSolution
		{27466095-F2CD-4914-A95A-F8B2D23E3230}.Debug|Any CPU.ActiveCfg = Debug|Any CPU
		{27466095-F2CD-4914-A95A-F8B2D23E3230}.Debug|Any CPU.Build.0 = Debug|Any CPU
		{27466095-F2CD-4914-A95A-F8B2D23E3230}.Release|Any CPU.ActiveCfg = Release|Any CPU
		{27466095-F2CD-4914-A95A-F8B2D23E3230}.Release|Any CPU.Build.0 = Release|Any CPU
	EndGlobalSection
	GlobalSection(SolutionProperties) = preSolution
		HideSolutionNode = FALSE
	EndGlobalSection
	GlobalSection(ExtensibilityGlobals) = postSolution
		SolutionGuid = {B5E83A23-228F-4EC5-965C-7D2A3063A5E6}
	EndGlobalSection
EndGlobal