Microsoft Visual Studio Solution File, Format Version 12.00
# Visual Studio Version 16
VisualStudioVersion = 16.0.31026.101
MinimumVisualStudioVersion = 10.0.40219.1
Project("{9A19103F-16F7-4668-BE54-9A1E7A4F7556}") = "Intersight.PowerShell", "Intersight.PowerShell.csproj", "{E494065F-2279-4052-86D2-D7750D407DE6}"
EndProject
Global
	GlobalSection(SolutionConfigurationPlatforms) = preSolution
		Debug|Any CPU = Debug|Any CPU
		Release|Any CPU = Release|Any CPU
	EndGlobalSection
	GlobalSection(ProjectConfigurationPlatforms) = postSolution
		{E494065F-2279-4052-86D2-D7750D407DE6}.Debug|Any CPU.ActiveCfg = Debug|Any CPU
		{E494065F-2279-4052-86D2-D7750D407DE6}.Debug|Any CPU.Build.0 = Debug|Any CPU
		{E494065F-2279-4052-86D2-D7750D407DE6}.Release|Any CPU.ActiveCfg = Release|Any CPU
		{E494065F-2279-4052-86D2-D7750D407DE6}.Release|Any CPU.Build.0 = Release|Any CPU
	EndGlobalSection
	GlobalSection(SolutionProperties) = preSolution
		HideSolutionNode = FALSE
	EndGlobalSection
	GlobalSection(ExtensibilityGlobals) = postSolution
		SolutionGuid = {B5E83A23-228F-4EC5-965C-7D2A3063A5E6}
	EndGlobalSection
EndGlobal
